
Microsoft Visual Studio Solution File, Format Version 12.00
# Visual Studio 14
VisualStudioVersion = 14.0.25420.1
MinimumVisualStudioVersion = 10.0.40219.1
Project("{2150E333-8FDC-42A3-9474-1A3956D46DE8}") = "src", "src", "{2790F197-130F-4607-A763-307334A42EA4}"
EndProject
Project("{2150E333-8FDC-42A3-9474-1A3956D46DE8}") = "Solution Items", "Solution Items", "{9177E46C-1A52-4E5A-B849-482C90921185}"
	ProjectSection(SolutionItems) = preProject
		global.json = global.json
	EndProjectSection
EndProject
Project("{8BB2217D-0F2D-49D1-97BC-3654ED321F3B}") = "ReptileDemo", "src\ReptileDemo\ReptileDemo.xproj", "{A6924C9C-A50E-49C5-B354-475CFBF933D7}"
EndProject
Global
	GlobalSection(SolutionConfigurationPlatforms) = preSolution
		Debug|Any CPU = Debug|Any CPU
		Release|Any CPU = Release|Any CPU
	EndGlobalSection
	GlobalSection(ProjectConfigurationPlatforms) = postSolution
		{A6924C9C-A50E-49C5-B354-475CFBF933D7}.Debug|Any CPU.ActiveCfg = Debug|Any CPU
		{A6924C9C-A50E-49C5-B354-475CFBF933D7}.Debug|Any CPU.Build.0 = Debug|Any CPU
		{A6924C9C-A50E-49C5-B354-475CFBF933D7}.Release|Any CPU.ActiveCfg = Release|Any CPU
		{A6924C9C-A50E-49C5-B354-475CFBF933D7}.Release|Any CPU.Build.0 = Release|Any CPU
	EndGlobalSection
	GlobalSection(SolutionProperties) = preSolution
		HideSolutionNode = FALSE
	EndGlobalSection
	GlobalSection(NestedProjects) = preSolution
		{A6924C9C-A50E-49C5-B354-475CFBF933D7} = {2790F197-130F-4607-A763-307334A42EA4}
	EndGlobalSection
EndGlobal
